// !$*UTF8*$!
{
	archiveVersion = 1;
	classes = {
	};
	objectVersion = 50;
	objects = {

/* Begin PBXBuildFile section */
		D4166E2A218EED960053DA26 /* AppDelegate.swift in Sources */ = {isa = PBXBuildFile; fileRef = D4166E29218EED960053DA26 /* AppDelegate.swift */; };
		D4166E2C218EED960053DA26 /* MainViewController.swift in Sources */ = {isa = PBXBuildFile; fileRef = D4166E2B218EED960053DA26 /* MainViewController.swift */; };
		D4166E31218EED980053DA26 /* Assets.xcassets in Resources */ = {isa = PBXBuildFile; fileRef = D4166E30218EED980053DA26 /* Assets.xcassets */; };
		D4166E34218EED980053DA26 /* LaunchScreen.storyboard in Resources */ = {isa = PBXBuildFile; fileRef = D4166E32218EED980053DA26 /* LaunchScreen.storyboard */; };
		D4166E3E2191E5C80053DA26 /* _AsyncTransactionQueuePool.swift in Sources */ = {isa = PBXBuildFile; fileRef = D4166E3D2191E5C80053DA26 /* _AsyncTransactionQueuePool.swift */; };
		D4166E4121933E580053DA26 /* InterfaceState.swift in Sources */ = {isa = PBXBuildFile; fileRef = D4166E4021933E580053DA26 /* InterfaceState.swift */; };
		D4166E4321933E650053DA26 /* DisplayNode.swift in Sources */ = {isa = PBXBuildFile; fileRef = D4166E4221933E650053DA26 /* DisplayNode.swift */; };
		D4166E45219346650053DA26 /* DisplayNode+Subtypes.swift in Sources */ = {isa = PBXBuildFile; fileRef = D4166E44219346650053DA26 /* DisplayNode+Subtypes.swift */; };
		D4166E472196589D0053DA26 /* LayoutElementStylability.swift in Sources */ = {isa = PBXBuildFile; fileRef = D4166E462196589D0053DA26 /* LayoutElementStylability.swift */; };
		D4166E49219667070053DA26 /* ContextTransitioning.swift in Sources */ = {isa = PBXBuildFile; fileRef = D4166E48219667070053DA26 /* ContextTransitioning.swift */; };
		D4166E4B21966C310053DA26 /* UIView+AsyncDisplay.swift in Sources */ = {isa = PBXBuildFile; fileRef = D4166E4A21966C310053DA26 /* UIView+AsyncDisplay.swift */; };
		D4166E4D21966C3C0053DA26 /* CALayer+AsyncDisplay.swift in Sources */ = {isa = PBXBuildFile; fileRef = D4166E4C21966C3C0053DA26 /* CALayer+AsyncDisplay.swift */; };
		D4166E4F21967E160053DA26 /* _DisplayLayer.swift in Sources */ = {isa = PBXBuildFile; fileRef = D4166E4E21967E160053DA26 /* _DisplayLayer.swift */; };
		D4166E512196872C0053DA26 /* CALayerExtendedDelegate.swift in Sources */ = {isa = PBXBuildFile; fileRef = D4166E502196872C0053DA26 /* CALayerExtendedDelegate.swift */; };
		D4166E53219687510053DA26 /* _DisplayLayerDelegate.swift in Sources */ = {isa = PBXBuildFile; fileRef = D4166E52219687510053DA26 /* _DisplayLayerDelegate.swift */; };
		D4166E5521968E760053DA26 /* AtomicWeak.swift in Sources */ = {isa = PBXBuildFile; fileRef = D4166E5421968E760053DA26 /* AtomicWeak.swift */; };
		D4166E572196F9300053DA26 /* _DisplayNodeAccessible.swift in Sources */ = {isa = PBXBuildFile; fileRef = D4166E562196F9300053DA26 /* _DisplayNodeAccessible.swift */; };
		D4166E592196FA6C0053DA26 /* UIView+_DisplayNodeAccessible.swift in Sources */ = {isa = PBXBuildFile; fileRef = D4166E582196FA6C0053DA26 /* UIView+_DisplayNodeAccessible.swift */; };
		D4166E5B2196FA7E0053DA26 /* CALayer+_DisplayNodeAccessible.swift in Sources */ = {isa = PBXBuildFile; fileRef = D4166E5A2196FA7E0053DA26 /* CALayer+_DisplayNodeAccessible.swift */; };
		D4166E5D2196FBC10053DA26 /* WeakProxy.swift in Sources */ = {isa = PBXBuildFile; fileRef = D4166E5C2196FBC10053DA26 /* WeakProxy.swift */; };
		D4166E5F219700360053DA26 /* DisplayNodeFlags.swift in Sources */ = {isa = PBXBuildFile; fileRef = D4166E5E219700360053DA26 /* DisplayNodeFlags.swift */; };
		D41AAA3121874EDE00B23325 /* _AsyncTransaction.swift in Sources */ = {isa = PBXBuildFile; fileRef = D41AAA3021874EDE00B23325 /* _AsyncTransaction.swift */; };
		D41AAA332187563B00B23325 /* _AsyncTransactionOperation.swift in Sources */ = {isa = PBXBuildFile; fileRef = D41AAA322187563B00B23325 /* _AsyncTransactionOperation.swift */; };
		D41AAA3621875B3300B23325 /* Assert.swift in Sources */ = {isa = PBXBuildFile; fileRef = D41AAA3521875B3300B23325 /* Assert.swift */; };
		D41AAA3821875B8300B23325 /* ThreadLocal.swift in Sources */ = {isa = PBXBuildFile; fileRef = D41AAA3721875B8300B23325 /* ThreadLocal.swift */; };
		D41AAA3C2188498400B23325 /* _AsyncTransactionGroup.swift in Sources */ = {isa = PBXBuildFile; fileRef = D41AAA3B2188498400B23325 /* _AsyncTransactionGroup.swift */; };
		D41AAA3E218849D400B23325 /* _AsyncTransactionContainer.swift in Sources */ = {isa = PBXBuildFile; fileRef = D41AAA3D218849D400B23325 /* _AsyncTransactionContainer.swift */; };
		D41AAA4021884E0700B23325 /* CALayer+_AsyncTransactionContainer.swift in Sources */ = {isa = PBXBuildFile; fileRef = D41AAA3F21884E0700B23325 /* CALayer+_AsyncTransactionContainer.swift */; };
		D41AAA4221884E1500B23325 /* UIView+_AsyncTransactionContainer.swift in Sources */ = {isa = PBXBuildFile; fileRef = D41AAA4121884E1500B23325 /* UIView+_AsyncTransactionContainer.swift */; };
		D434B620219B1B2B00EF9027 /* InternalHelpers.swift in Sources */ = {isa = PBXBuildFile; fileRef = D434B61F219B1B2B00EF9027 /* InternalHelpers.swift */; };
		D471E4312079AB9D00745442 /* ObjectDescriptionHelpers.swift in Sources */ = {isa = PBXBuildFile; fileRef = D471E4302079AB9D00745442 /* ObjectDescriptionHelpers.swift */; };
		D471E4362079ECA400745442 /* WeakLayoutElementToRectMap.swift in Sources */ = {isa = PBXBuildFile; fileRef = D471E4352079ECA400745442 /* WeakLayoutElementToRectMap.swift */; };
		D471E449207AF43800745442 /* TraitCollection.swift in Sources */ = {isa = PBXBuildFile; fileRef = D471E448207AF43800745442 /* TraitCollection.swift */; };
		D471E44B207B045500745442 /* StackLayoutElement.swift in Sources */ = {isa = PBXBuildFile; fileRef = D471E44A207B045500745442 /* StackLayoutElement.swift */; };
		D471E44D207B051A00745442 /* StackLayoutDefines.swift in Sources */ = {isa = PBXBuildFile; fileRef = D471E44C207B051A00745442 /* StackLayoutDefines.swift */; };
		D4B4A9E22078D50F00A18EE3 /* LayoutElementExtensibility.swift in Sources */ = {isa = PBXBuildFile; fileRef = D4B4A9E12078D50F00A18EE3 /* LayoutElementExtensibility.swift */; };
		D4B4A9E42078DCF000A18EE3 /* LayoutElementAsciiArtProtocol.swift in Sources */ = {isa = PBXBuildFile; fileRef = D4B4A9E32078DCF000A18EE3 /* LayoutElementAsciiArtProtocol.swift */; };
		D4B4A9E62079128100A18EE3 /* LayoutElement.swift in Sources */ = {isa = PBXBuildFile; fileRef = D4B4A9E52079128100A18EE3 /* LayoutElement.swift */; };
		D4B4A9E8207A4A4600A18EE3 /* CoreGraphics+Util.swift in Sources */ = {isa = PBXBuildFile; fileRef = D4B4A9E7207A4A4600A18EE3 /* CoreGraphics+Util.swift */; };
		D4B4A9EB207A510600A18EE3 /* InternalHelpers.swift in Sources */ = {isa = PBXBuildFile; fileRef = D4B4A9EA207A510600A18EE3 /* InternalHelpers.swift */; };
		D4C1EFA2207BA7910005516A /* LayoutElementStyle.swift in Sources */ = {isa = PBXBuildFile; fileRef = D4C1EFA1207BA7910005516A /* LayoutElementStyle.swift */; };
		D4C1EFA4207BAF0A0005516A /* LayoutElementStyleExtensions.swift in Sources */ = {isa = PBXBuildFile; fileRef = D4C1EFA3207BAF0A0005516A /* LayoutElementStyleExtensions.swift */; };
		D4C1EFA6207BB0DC0005516A /* LayoutElementContext.swift in Sources */ = {isa = PBXBuildFile; fileRef = D4C1EFA5207BB0DC0005516A /* LayoutElementContext.swift */; };
		D4C1EFA9207BBD820005516A /* Lock.swift in Sources */ = {isa = PBXBuildFile; fileRef = D4C1EFA8207BBD820005516A /* Lock.swift */; };
		D4C1EFAB207BBDFE0005516A /* Atomic.swift in Sources */ = {isa = PBXBuildFile; fileRef = D4C1EFAA207BBDFE0005516A /* Atomic.swift */; };
		D4C1EFAD207C2E6A0005516A /* LayoutSpec.swift in Sources */ = {isa = PBXBuildFile; fileRef = D4C1EFAC207C2E6A0005516A /* LayoutSpec.swift */; };
		D4C1EFAF207C334F0005516A /* WrapperLayoutSpec.swift in Sources */ = {isa = PBXBuildFile; fileRef = D4C1EFAE207C334F0005516A /* WrapperLayoutSpec.swift */; };
		D4E40FB6207FB03800AC9F30 /* BackgroundLayoutSpec.swift in Sources */ = {isa = PBXBuildFile; fileRef = D4E40FB5207FB03800AC9F30 /* BackgroundLayoutSpec.swift */; };
		D4E40FBC2080DAE800AC9F30 /* RelativeLayoutSpec.swift in Sources */ = {isa = PBXBuildFile; fileRef = D4E40FBB2080DAE800AC9F30 /* RelativeLayoutSpec.swift */; };
		D4E40FBE20816D3500AC9F30 /* CornerLayoutSpec.swift in Sources */ = {isa = PBXBuildFile; fileRef = D4E40FBD20816D3500AC9F30 /* CornerLayoutSpec.swift */; };
		D4E40FC02081997500AC9F30 /* InsetLayoutSpec.swift in Sources */ = {isa = PBXBuildFile; fileRef = D4E40FBF2081997500AC9F30 /* InsetLayoutSpec.swift */; };
		D4E410282081AE7D00AC9F30 /* OverlayLayoutSpec.swift in Sources */ = {isa = PBXBuildFile; fileRef = D4E410272081AE7C00AC9F30 /* OverlayLayoutSpec.swift */; };
		D4E4105D2081FC2B00AC9F30 /* RatioLayoutSpec.swift in Sources */ = {isa = PBXBuildFile; fileRef = D4E4105C2081FC2B00AC9F30 /* RatioLayoutSpec.swift */; };
		D4E4105F2082098600AC9F30 /* StackLayoutSpec.swift in Sources */ = {isa = PBXBuildFile; fileRef = D4E4105E2082098600AC9F30 /* StackLayoutSpec.swift */; };
		D4FF147E2077A671002AF70D /* SwiftDisplay.framework in Frameworks */ = {isa = PBXBuildFile; fileRef = D4FF14742077A671002AF70D /* SwiftDisplay.framework */; };
		D4FF14832077A671002AF70D /* SwiftDisplayTests.swift in Sources */ = {isa = PBXBuildFile; fileRef = D4FF14822077A671002AF70D /* SwiftDisplayTests.swift */; };
		D4FF14852077A671002AF70D /* SwiftDisplay.h in Headers */ = {isa = PBXBuildFile; fileRef = D4FF14772077A671002AF70D /* SwiftDisplay.h */; settings = {ATTRIBUTES = (Public, ); }; };
		D4FF14B42077A788002AF70D /* Elkon.framework in Frameworks */ = {isa = PBXBuildFile; fileRef = D4FF14B32077A788002AF70D /* Elkon.framework */; };
		D4FF14C32077B955002AF70D /* Layout.swift in Sources */ = {isa = PBXBuildFile; fileRef = D4FF14C22077B955002AF70D /* Layout.swift */; };
		D4FF14C52077BFDB002AF70D /* Dimension.swift in Sources */ = {isa = PBXBuildFile; fileRef = D4FF14C42077BFDB002AF70D /* Dimension.swift */; };
		D4FF14C7207858D1002AF70D /* CGRect+Validation.swift in Sources */ = {isa = PBXBuildFile; fileRef = D4FF14C6207858D1002AF70D /* CGRect+Validation.swift */; };
		D4FF14C920785A32002AF70D /* LayoutSize.swift in Sources */ = {isa = PBXBuildFile; fileRef = D4FF14C820785A32002AF70D /* LayoutSize.swift */; };
		D4FF14CB20785A6E002AF70D /* SizeRange.swift in Sources */ = {isa = PBXBuildFile; fileRef = D4FF14CA20785A6E002AF70D /* SizeRange.swift */; };
		D4FF14CD20785A91002AF70D /* LayoutElementSize.swift in Sources */ = {isa = PBXBuildFile; fileRef = D4FF14CC20785A91002AF70D /* LayoutElementSize.swift */; };
		D4FF14CF20787300002AF70D /* AbsoluteLayoutElement.swift in Sources */ = {isa = PBXBuildFile; fileRef = D4FF14CE20787300002AF70D /* AbsoluteLayoutElement.swift */; };
		D4FF14D12078AF74002AF70D /* AbsoluteLayoutSpec.swift in Sources */ = {isa = PBXBuildFile; fileRef = D4FF14D02078AF74002AF70D /* AbsoluteLayoutSpec.swift */; };
/* End PBXBuildFile section */

/* Begin PBXContainerItemProxy section */
		D4FF147F2077A671002AF70D /* PBXContainerItemProxy */ = {
			isa = PBXContainerItemProxy;
			containerPortal = D4FF146B2077A671002AF70D /* Project object */;
			proxyType = 1;
			remoteGlobalIDString = D4FF14732077A671002AF70D;
			remoteInfo = SwiftDisplay;
		};
/* End PBXContainerItemProxy section */

/* Begin PBXFileReference section */
		D4166E27218EED960053DA26 /* iOS-Demo.app */ = {isa = PBXFileReference; explicitFileType = wrapper.application; includeInIndex = 0; path = "iOS-Demo.app"; sourceTree = BUILT_PRODUCTS_DIR; };
		D4166E29218EED960053DA26 /* AppDelegate.swift */ = {isa = PBXFileReference; lastKnownFileType = sourcecode.swift; path = AppDelegate.swift; sourceTree = "<group>"; };
		D4166E2B218EED960053DA26 /* MainViewController.swift */ = {isa = PBXFileReference; lastKnownFileType = sourcecode.swift; path = MainViewController.swift; sourceTree = "<group>"; };
		D4166E30218EED980053DA26 /* Assets.xcassets */ = {isa = PBXFileReference; lastKnownFileType = folder.assetcatalog; path = Assets.xcassets; sourceTree = "<group>"; };
		D4166E33218EED980053DA26 /* Base */ = {isa = PBXFileReference; lastKnownFileType = file.storyboard; name = Base; path = Base.lproj/LaunchScreen.storyboard; sourceTree = "<group>"; };
		D4166E35218EED980053DA26 /* Info.plist */ = {isa = PBXFileReference; lastKnownFileType = text.plist.xml; path = Info.plist; sourceTree = "<group>"; };
		D4166E3D2191E5C80053DA26 /* _AsyncTransactionQueuePool.swift */ = {isa = PBXFileReference; lastKnownFileType = sourcecode.swift; path = _AsyncTransactionQueuePool.swift; sourceTree = "<group>"; };
		D4166E4021933E580053DA26 /* InterfaceState.swift */ = {isa = PBXFileReference; lastKnownFileType = sourcecode.swift; path = InterfaceState.swift; sourceTree = "<group>"; };
		D4166E4221933E650053DA26 /* DisplayNode.swift */ = {isa = PBXFileReference; lastKnownFileType = sourcecode.swift; path = DisplayNode.swift; sourceTree = "<group>"; };
		D4166E44219346650053DA26 /* DisplayNode+Subtypes.swift */ = {isa = PBXFileReference; lastKnownFileType = sourcecode.swift; path = "DisplayNode+Subtypes.swift"; sourceTree = "<group>"; };
		D4166E462196589D0053DA26 /* LayoutElementStylability.swift */ = {isa = PBXFileReference; lastKnownFileType = sourcecode.swift; path = LayoutElementStylability.swift; sourceTree = "<group>"; };
		D4166E48219667070053DA26 /* ContextTransitioning.swift */ = {isa = PBXFileReference; lastKnownFileType = sourcecode.swift; path = ContextTransitioning.swift; sourceTree = "<group>"; };
		D4166E4A21966C310053DA26 /* UIView+AsyncDisplay.swift */ = {isa = PBXFileReference; lastKnownFileType = sourcecode.swift; path = "UIView+AsyncDisplay.swift"; sourceTree = "<group>"; };
		D4166E4C21966C3C0053DA26 /* CALayer+AsyncDisplay.swift */ = {isa = PBXFileReference; lastKnownFileType = sourcecode.swift; path = "CALayer+AsyncDisplay.swift"; sourceTree = "<group>"; };
		D4166E4E21967E160053DA26 /* _DisplayLayer.swift */ = {isa = PBXFileReference; lastKnownFileType = sourcecode.swift; path = _DisplayLayer.swift; sourceTree = "<group>"; };
		D4166E502196872C0053DA26 /* CALayerExtendedDelegate.swift */ = {isa = PBXFileReference; lastKnownFileType = sourcecode.swift; path = CALayerExtendedDelegate.swift; sourceTree = "<group>"; };
		D4166E52219687510053DA26 /* _DisplayLayerDelegate.swift */ = {isa = PBXFileReference; lastKnownFileType = sourcecode.swift; path = _DisplayLayerDelegate.swift; sourceTree = "<group>"; };
		D4166E5421968E760053DA26 /* AtomicWeak.swift */ = {isa = PBXFileReference; lastKnownFileType = sourcecode.swift; path = AtomicWeak.swift; sourceTree = "<group>"; };
		D4166E562196F9300053DA26 /* _DisplayNodeAccessible.swift */ = {isa = PBXFileReference; lastKnownFileType = sourcecode.swift; path = _DisplayNodeAccessible.swift; sourceTree = "<group>"; };
		D4166E582196FA6C0053DA26 /* UIView+_DisplayNodeAccessible.swift */ = {isa = PBXFileReference; lastKnownFileType = sourcecode.swift; path = "UIView+_DisplayNodeAccessible.swift"; sourceTree = "<group>"; };
		D4166E5A2196FA7E0053DA26 /* CALayer+_DisplayNodeAccessible.swift */ = {isa = PBXFileReference; lastKnownFileType = sourcecode.swift; path = "CALayer+_DisplayNodeAccessible.swift"; sourceTree = "<group>"; };
		D4166E5C2196FBC10053DA26 /* WeakProxy.swift */ = {isa = PBXFileReference; lastKnownFileType = sourcecode.swift; path = WeakProxy.swift; sourceTree = "<group>"; };
		D4166E5E219700360053DA26 /* DisplayNodeFlags.swift */ = {isa = PBXFileReference; lastKnownFileType = sourcecode.swift; path = DisplayNodeFlags.swift; sourceTree = "<group>"; };
		D41AAA2B218749B200B23325 /* TargetCommon.xcconfig */ = {isa = PBXFileReference; lastKnownFileType = text.xcconfig; path = TargetCommon.xcconfig; sourceTree = "<group>"; };
		D41AAA2C218749B300B23325 /* Test.xcconfig */ = {isa = PBXFileReference; lastKnownFileType = text.xcconfig; path = Test.xcconfig; sourceTree = "<group>"; };
		D41AAA2D218749B300B23325 /* Framework.xcconfig */ = {isa = PBXFileReference; lastKnownFileType = text.xcconfig; path = Framework.xcconfig; sourceTree = "<group>"; };
		D41AAA2E218749B300B23325 /* ProjectCommon.xcconfig */ = {isa = PBXFileReference; lastKnownFileType = text.xcconfig; path = ProjectCommon.xcconfig; sourceTree = "<group>"; };
		D41AAA3021874EDE00B23325 /* _AsyncTransaction.swift */ = {isa = PBXFileReference; lastKnownFileType = sourcecode.swift; path = _AsyncTransaction.swift; sourceTree = "<group>"; };
		D41AAA322187563B00B23325 /* _AsyncTransactionOperation.swift */ = {isa = PBXFileReference; lastKnownFileType = sourcecode.swift; path = _AsyncTransactionOperation.swift; sourceTree = "<group>"; };
		D41AAA3521875B3300B23325 /* Assert.swift */ = {isa = PBXFileReference; lastKnownFileType = sourcecode.swift; path = Assert.swift; sourceTree = "<group>"; };
		D41AAA3721875B8300B23325 /* ThreadLocal.swift */ = {isa = PBXFileReference; lastKnownFileType = sourcecode.swift; path = ThreadLocal.swift; sourceTree = "<group>"; };
		D41AAA3B2188498400B23325 /* _AsyncTransactionGroup.swift */ = {isa = PBXFileReference; lastKnownFileType = sourcecode.swift; path = _AsyncTransactionGroup.swift; sourceTree = "<group>"; };
		D41AAA3D218849D400B23325 /* _AsyncTransactionContainer.swift */ = {isa = PBXFileReference; lastKnownFileType = sourcecode.swift; path = _AsyncTransactionContainer.swift; sourceTree = "<group>"; };
		D41AAA3F21884E0700B23325 /* CALayer+_AsyncTransactionContainer.swift */ = {isa = PBXFileReference; lastKnownFileType = sourcecode.swift; path = "CALayer+_AsyncTransactionContainer.swift"; sourceTree = "<group>"; };
		D41AAA4121884E1500B23325 /* UIView+_AsyncTransactionContainer.swift */ = {isa = PBXFileReference; lastKnownFileType = sourcecode.swift; path = "UIView+_AsyncTransactionContainer.swift"; sourceTree = "<group>"; };
		D434B61F219B1B2B00EF9027 /* InternalHelpers.swift */ = {isa = PBXFileReference; lastKnownFileType = sourcecode.swift; path = InternalHelpers.swift; sourceTree = "<group>"; };
		D471E4302079AB9D00745442 /* ObjectDescriptionHelpers.swift */ = {isa = PBXFileReference; lastKnownFileType = sourcecode.swift; path = ObjectDescriptionHelpers.swift; sourceTree = "<group>"; };
		D471E4352079ECA400745442 /* WeakLayoutElementToRectMap.swift */ = {isa = PBXFileReference; lastKnownFileType = sourcecode.swift; path = WeakLayoutElementToRectMap.swift; sourceTree = "<group>"; };
		D471E448207AF43800745442 /* TraitCollection.swift */ = {isa = PBXFileReference; lastKnownFileType = sourcecode.swift; path = TraitCollection.swift; sourceTree = "<group>"; };
		D471E44A207B045500745442 /* StackLayoutElement.swift */ = {isa = PBXFileReference; lastKnownFileType = sourcecode.swift; path = StackLayoutElement.swift; sourceTree = "<group>"; };
		D471E44C207B051A00745442 /* StackLayoutDefines.swift */ = {isa = PBXFileReference; lastKnownFileType = sourcecode.swift; path = StackLayoutDefines.swift; sourceTree = "<group>"; };
		D4B4A9E12078D50F00A18EE3 /* LayoutElementExtensibility.swift */ = {isa = PBXFileReference; lastKnownFileType = sourcecode.swift; path = LayoutElementExtensibility.swift; sourceTree = "<group>"; };
		D4B4A9E32078DCF000A18EE3 /* LayoutElementAsciiArtProtocol.swift */ = {isa = PBXFileReference; lastKnownFileType = sourcecode.swift; path = LayoutElementAsciiArtProtocol.swift; sourceTree = "<group>"; };
		D4B4A9E52079128100A18EE3 /* LayoutElement.swift */ = {isa = PBXFileReference; lastKnownFileType = sourcecode.swift; path = LayoutElement.swift; sourceTree = "<group>"; };
		D4B4A9E7207A4A4600A18EE3 /* CoreGraphics+Util.swift */ = {isa = PBXFileReference; lastKnownFileType = sourcecode.swift; path = "CoreGraphics+Util.swift"; sourceTree = "<group>"; };
		D4B4A9EA207A510600A18EE3 /* InternalHelpers.swift */ = {isa = PBXFileReference; lastKnownFileType = sourcecode.swift; path = InternalHelpers.swift; sourceTree = "<group>"; };
		D4C1EFA1207BA7910005516A /* LayoutElementStyle.swift */ = {isa = PBXFileReference; lastKnownFileType = sourcecode.swift; path = LayoutElementStyle.swift; sourceTree = "<group>"; };
		D4C1EFA3207BAF0A0005516A /* LayoutElementStyleExtensions.swift */ = {isa = PBXFileReference; lastKnownFileType = sourcecode.swift; path = LayoutElementStyleExtensions.swift; sourceTree = "<group>"; };
		D4C1EFA5207BB0DC0005516A /* LayoutElementContext.swift */ = {isa = PBXFileReference; lastKnownFileType = sourcecode.swift; path = LayoutElementContext.swift; sourceTree = "<group>"; };
		D4C1EFA8207BBD820005516A /* Lock.swift */ = {isa = PBXFileReference; lastKnownFileType = sourcecode.swift; path = Lock.swift; sourceTree = "<group>"; };
		D4C1EFAA207BBDFE0005516A /* Atomic.swift */ = {isa = PBXFileReference; lastKnownFileType = sourcecode.swift; path = Atomic.swift; sourceTree = "<group>"; };
		D4C1EFAC207C2E6A0005516A /* LayoutSpec.swift */ = {isa = PBXFileReference; lastKnownFileType = sourcecode.swift; path = LayoutSpec.swift; sourceTree = "<group>"; };
		D4C1EFAE207C334F0005516A /* WrapperLayoutSpec.swift */ = {isa = PBXFileReference; lastKnownFileType = sourcecode.swift; path = WrapperLayoutSpec.swift; sourceTree = "<group>"; };
		D4E40FB5207FB03800AC9F30 /* BackgroundLayoutSpec.swift */ = {isa = PBXFileReference; lastKnownFileType = sourcecode.swift; path = BackgroundLayoutSpec.swift; sourceTree = "<group>"; };
		D4E40FBB2080DAE800AC9F30 /* RelativeLayoutSpec.swift */ = {isa = PBXFileReference; lastKnownFileType = sourcecode.swift; path = RelativeLayoutSpec.swift; sourceTree = "<group>"; };
		D4E40FBD20816D3500AC9F30 /* CornerLayoutSpec.swift */ = {isa = PBXFileReference; lastKnownFileType = sourcecode.swift; path = CornerLayoutSpec.swift; sourceTree = "<group>"; };
		D4E40FBF2081997500AC9F30 /* InsetLayoutSpec.swift */ = {isa = PBXFileReference; lastKnownFileType = sourcecode.swift; path = InsetLayoutSpec.swift; sourceTree = "<group>"; };
		D4E410272081AE7C00AC9F30 /* OverlayLayoutSpec.swift */ = {isa = PBXFileReference; lastKnownFileType = sourcecode.swift; path = OverlayLayoutSpec.swift; sourceTree = "<group>"; };
		D4E4105C2081FC2B00AC9F30 /* RatioLayoutSpec.swift */ = {isa = PBXFileReference; lastKnownFileType = sourcecode.swift; path = RatioLayoutSpec.swift; sourceTree = "<group>"; };
		D4E4105E2082098600AC9F30 /* StackLayoutSpec.swift */ = {isa = PBXFileReference; lastKnownFileType = sourcecode.swift; path = StackLayoutSpec.swift; sourceTree = "<group>"; };
		D4FF14742077A671002AF70D /* SwiftDisplay.framework */ = {isa = PBXFileReference; explicitFileType = wrapper.framework; includeInIndex = 0; path = SwiftDisplay.framework; sourceTree = BUILT_PRODUCTS_DIR; };
		D4FF14772077A671002AF70D /* SwiftDisplay.h */ = {isa = PBXFileReference; lastKnownFileType = sourcecode.c.h; path = SwiftDisplay.h; sourceTree = "<group>"; };
		D4FF14782077A671002AF70D /* Info.plist */ = {isa = PBXFileReference; lastKnownFileType = text.plist.xml; path = Info.plist; sourceTree = "<group>"; };
		D4FF147D2077A671002AF70D /* SwiftDisplayTests.xctest */ = {isa = PBXFileReference; explicitFileType = wrapper.cfbundle; includeInIndex = 0; path = SwiftDisplayTests.xctest; sourceTree = BUILT_PRODUCTS_DIR; };
		D4FF14822077A671002AF70D /* SwiftDisplayTests.swift */ = {isa = PBXFileReference; lastKnownFileType = sourcecode.swift; path = SwiftDisplayTests.swift; sourceTree = "<group>"; };
		D4FF14842077A671002AF70D /* Info.plist */ = {isa = PBXFileReference; lastKnownFileType = text.plist.xml; path = Info.plist; sourceTree = "<group>"; };
		D4FF14B32077A788002AF70D /* Elkon.framework */ = {isa = PBXFileReference; lastKnownFileType = wrapper.framework; name = Elkon.framework; path = Carthage/Build/iOS/Elkon.framework; sourceTree = "<group>"; };
		D4FF14BC2077A81C002AF70D /* SwiftCache.framework */ = {isa = PBXFileReference; lastKnownFileType = wrapper.framework; name = SwiftCache.framework; path = Carthage/Build/iOS/SwiftCache.framework; sourceTree = "<group>"; };
		D4FF14BE2077A825002AF70D /* CWebP.framework */ = {isa = PBXFileReference; lastKnownFileType = wrapper.framework; name = CWebP.framework; path = Carthage/Build/iOS/CWebP.framework; sourceTree = "<group>"; };
		D4FF14C22077B955002AF70D /* Layout.swift */ = {isa = PBXFileReference; lastKnownFileType = sourcecode.swift; path = Layout.swift; sourceTree = "<group>"; };
		D4FF14C42077BFDB002AF70D /* Dimension.swift */ = {isa = PBXFileReference; lastKnownFileType = sourcecode.swift; path = Dimension.swift; sourceTree = "<group>"; };
		D4FF14C6207858D1002AF70D /* CGRect+Validation.swift */ = {isa = PBXFileReference; lastKnownFileType = sourcecode.swift; path = "CGRect+Validation.swift"; sourceTree = "<group>"; };
		D4FF14C820785A32002AF70D /* LayoutSize.swift */ = {isa = PBXFileReference; lastKnownFileType = sourcecode.swift; path = LayoutSize.swift; sourceTree = "<group>"; };
		D4FF14CA20785A6E002AF70D /* SizeRange.swift */ = {isa = PBXFileReference; lastKnownFileType = sourcecode.swift; path = SizeRange.swift; sourceTree = "<group>"; };
		D4FF14CC20785A91002AF70D /* LayoutElementSize.swift */ = {isa = PBXFileReference; lastKnownFileType = sourcecode.swift; path = LayoutElementSize.swift; sourceTree = "<group>"; };
		D4FF14CE20787300002AF70D /* AbsoluteLayoutElement.swift */ = {isa = PBXFileReference; lastKnownFileType = sourcecode.swift; path = AbsoluteLayoutElement.swift; sourceTree = "<group>"; };
		D4FF14D02078AF74002AF70D /* AbsoluteLayoutSpec.swift */ = {isa = PBXFileReference; lastKnownFileType = sourcecode.swift; path = AbsoluteLayoutSpec.swift; sourceTree = "<group>"; };
/* End PBXFileReference section */

/* Begin PBXFrameworksBuildPhase section */
		D4166E24218EED960053DA26 /* Frameworks */ = {
			isa = PBXFrameworksBuildPhase;
			buildActionMask = 2147483647;
			files = (
			);
			runOnlyForDeploymentPostprocessing = 0;
		};
		D4FF14702077A671002AF70D /* Frameworks */ = {
			isa = PBXFrameworksBuildPhase;
			buildActionMask = 2147483647;
			files = (
				D4FF14B42077A788002AF70D /* Elkon.framework in Frameworks */,
			);
			runOnlyForDeploymentPostprocessing = 0;
		};
		D4FF147A2077A671002AF70D /* Frameworks */ = {
			isa = PBXFrameworksBuildPhase;
			buildActionMask = 2147483647;
			files = (
				D4FF147E2077A671002AF70D /* SwiftDisplay.framework in Frameworks */,
			);
			runOnlyForDeploymentPostprocessing = 0;
		};
/* End PBXFrameworksBuildPhase section */

/* Begin PBXGroup section */
		D4166E28218EED960053DA26 /* iOS-Demo */ = {
			isa = PBXGroup;
			children = (
				D4166E29218EED960053DA26 /* AppDelegate.swift */,
				D4166E2B218EED960053DA26 /* MainViewController.swift */,
				D4166E30218EED980053DA26 /* Assets.xcassets */,
				D4166E32218EED980053DA26 /* LaunchScreen.storyboard */,
				D4166E35218EED980053DA26 /* Info.plist */,
			);
			path = "iOS-Demo";
			sourceTree = "<group>";
		};
		D4166E3F21933E3D0053DA26 /* DisplayNode */ = {
			isa = PBXGroup;
			children = (
				D4166E4221933E650053DA26 /* DisplayNode.swift */,
				D4166E5E219700360053DA26 /* DisplayNodeFlags.swift */,
				D4166E4A21966C310053DA26 /* UIView+AsyncDisplay.swift */,
				D4166E4C21966C3C0053DA26 /* CALayer+AsyncDisplay.swift */,
				D4166E44219346650053DA26 /* DisplayNode+Subtypes.swift */,
				D4166E4021933E580053DA26 /* InterfaceState.swift */,
				D4166E48219667070053DA26 /* ContextTransitioning.swift */,
				D4166E4E21967E160053DA26 /* _DisplayLayer.swift */,
				D4166E52219687510053DA26 /* _DisplayLayerDelegate.swift */,
				D4166E502196872C0053DA26 /* CALayerExtendedDelegate.swift */,
				D4166E562196F9300053DA26 /* _DisplayNodeAccessible.swift */,
				D4166E582196FA6C0053DA26 /* UIView+_DisplayNodeAccessible.swift */,
				D4166E5A2196FA7E0053DA26 /* CALayer+_DisplayNodeAccessible.swift */,
			);
			path = DisplayNode;
			sourceTree = "<group>";
		};
		D41AAA2A2187498C00B23325 /* Configs */ = {
			isa = PBXGroup;
			children = (
				D41AAA2E218749B300B23325 /* ProjectCommon.xcconfig */,
				D41AAA2B218749B200B23325 /* TargetCommon.xcconfig */,
				D41AAA2D218749B300B23325 /* Framework.xcconfig */,
				D41AAA2C218749B300B23325 /* Test.xcconfig */,
			);
			path = Configs;
			sourceTree = "<group>";
		};
		D41AAA2F21874EA000B23325 /* Transactions */ = {
			isa = PBXGroup;
			children = (
				D41AAA3021874EDE00B23325 /* _AsyncTransaction.swift */,
				D4166E3D2191E5C80053DA26 /* _AsyncTransactionQueuePool.swift */,
				D41AAA322187563B00B23325 /* _AsyncTransactionOperation.swift */,
				D41AAA3B2188498400B23325 /* _AsyncTransactionGroup.swift */,
				D41AAA3D218849D400B23325 /* _AsyncTransactionContainer.swift */,
				D41AAA3F21884E0700B23325 /* CALayer+_AsyncTransactionContainer.swift */,
				D41AAA4121884E1500B23325 /* UIView+_AsyncTransactionContainer.swift */,
			);
			path = Transactions;
			sourceTree = "<group>";
		};
		D41AAA3421875AF700B23325 /* Base */ = {
			isa = PBXGroup;
			children = (
				D41AAA3521875B3300B23325 /* Assert.swift */,
			);
			path = Base;
			sourceTree = "<group>";
		};
		D45868CD21A0135F0033FBE9 /* Utils */ = {
			isa = PBXGroup;
			children = (
				D434B61F219B1B2B00EF9027 /* InternalHelpers.swift */,
			);
			path = Utils;
			sourceTree = "<group>";
		};
		D471E447207AF42600745442 /* Detail */ = {
			isa = PBXGroup;
			children = (
				D471E448207AF43800745442 /* TraitCollection.swift */,
				D41AAA2F21874EA000B23325 /* Transactions */,
				D4166E3F21933E3D0053DA26 /* DisplayNode */,
			);
			path = Detail;
			sourceTree = "<group>";
		};
		D4B4A9E9207A50FA00A18EE3 /* Private */ = {
			isa = PBXGroup;
			children = (
				D4B4A9EA207A510600A18EE3 /* InternalHelpers.swift */,
			);
			path = Private;
			sourceTree = "<group>";
		};
		D4C1EFA7207BBD6F0005516A /* SupportingTypes */ = {
			isa = PBXGroup;
			children = (
				D4C1EFA8207BBD820005516A /* Lock.swift */,
				D4C1EFAA207BBDFE0005516A /* Atomic.swift */,
				D4166E5421968E760053DA26 /* AtomicWeak.swift */,
				D41AAA3721875B8300B23325 /* ThreadLocal.swift */,
				D4166E5C2196FBC10053DA26 /* WeakProxy.swift */,
			);
			path = SupportingTypes;
			sourceTree = "<group>";
		};
		D4E40FB4207FA84300AC9F30 /* LayoutSpec */ = {
			isa = PBXGroup;
			children = (
				D4C1EFAC207C2E6A0005516A /* LayoutSpec.swift */,
				D4C1EFAE207C334F0005516A /* WrapperLayoutSpec.swift */,
				D4FF14D02078AF74002AF70D /* AbsoluteLayoutSpec.swift */,
				D4E40FB5207FB03800AC9F30 /* BackgroundLayoutSpec.swift */,
				D4E40FBB2080DAE800AC9F30 /* RelativeLayoutSpec.swift */,
				D4E40FBD20816D3500AC9F30 /* CornerLayoutSpec.swift */,
				D4E40FBF2081997500AC9F30 /* InsetLayoutSpec.swift */,
				D4E410272081AE7C00AC9F30 /* OverlayLayoutSpec.swift */,
				D4E4105C2081FC2B00AC9F30 /* RatioLayoutSpec.swift */,
				D4E4105E2082098600AC9F30 /* StackLayoutSpec.swift */,
			);
			path = LayoutSpec;
			sourceTree = "<group>";
		};
		D4FF146A2077A671002AF70D = {
			isa = PBXGroup;
			children = (
				D41AAA2A2187498C00B23325 /* Configs */,
				D4FF14762077A671002AF70D /* Sources */,
				D4FF14812077A671002AF70D /* Tests */,
				D4166E28218EED960053DA26 /* iOS-Demo */,
				D4FF14752077A671002AF70D /* Products */,
				D4FF14B22077A788002AF70D /* Frameworks */,
			);
			sourceTree = "<group>";
		};
		D4FF14752077A671002AF70D /* Products */ = {
			isa = PBXGroup;
			children = (
				D4FF14742077A671002AF70D /* SwiftDisplay.framework */,
				D4FF147D2077A671002AF70D /* SwiftDisplayTests.xctest */,
				D4166E27218EED960053DA26 /* iOS-Demo.app */,
			);
			name = Products;
			sourceTree = "<group>";
		};
		D4FF14762077A671002AF70D /* Sources */ = {
			isa = PBXGroup;
			children = (
				D4FF14772077A671002AF70D /* SwiftDisplay.h */,
				D4FF14782077A671002AF70D /* Info.plist */,
				D41AAA3421875AF700B23325 /* Base */,
				D4C1EFA7207BBD6F0005516A /* SupportingTypes */,
				D45868CD21A0135F0033FBE9 /* Utils */,
				D4B4A9E9207A50FA00A18EE3 /* Private */,
				D4FF14C12077B941002AF70D /* Layout */,
				D471E447207AF42600745442 /* Detail */,
			);
			path = Sources;
			sourceTree = "<group>";
		};
		D4FF14812077A671002AF70D /* Tests */ = {
			isa = PBXGroup;
			children = (
				D4FF14822077A671002AF70D /* SwiftDisplayTests.swift */,
				D4FF14842077A671002AF70D /* Info.plist */,
			);
			path = Tests;
			sourceTree = "<group>";
		};
		D4FF14B22077A788002AF70D /* Frameworks */ = {
			isa = PBXGroup;
			children = (
				D4FF14BE2077A825002AF70D /* CWebP.framework */,
				D4FF14BC2077A81C002AF70D /* SwiftCache.framework */,
				D4FF14B32077A788002AF70D /* Elkon.framework */,
			);
			name = Frameworks;
			sourceTree = "<group>";
		};
		D4FF14C12077B941002AF70D /* Layout */ = {
			isa = PBXGroup;
			children = (
				D4FF14C6207858D1002AF70D /* CGRect+Validation.swift */,
				D4B4A9E7207A4A4600A18EE3 /* CoreGraphics+Util.swift */,
				D4FF14C42077BFDB002AF70D /* Dimension.swift */,
				D4FF14C820785A32002AF70D /* LayoutSize.swift */,
				D4FF14CA20785A6E002AF70D /* SizeRange.swift */,
				D4FF14CC20785A91002AF70D /* LayoutElementSize.swift */,
				D4FF14CE20787300002AF70D /* AbsoluteLayoutElement.swift */,
				D4B4A9E12078D50F00A18EE3 /* LayoutElementExtensibility.swift */,
				D4C1EFA3207BAF0A0005516A /* LayoutElementStyleExtensions.swift */,
				D4B4A9E32078DCF000A18EE3 /* LayoutElementAsciiArtProtocol.swift */,
				D471E4302079AB9D00745442 /* ObjectDescriptionHelpers.swift */,
				D4FF14C22077B955002AF70D /* Layout.swift */,
				D4B4A9E52079128100A18EE3 /* LayoutElement.swift */,
				D4C1EFA5207BB0DC0005516A /* LayoutElementContext.swift */,
				D4C1EFA1207BA7910005516A /* LayoutElementStyle.swift */,
				D4166E462196589D0053DA26 /* LayoutElementStylability.swift */,
				D471E44C207B051A00745442 /* StackLayoutDefines.swift */,
				D471E44A207B045500745442 /* StackLayoutElement.swift */,
				D4E40FB4207FA84300AC9F30 /* LayoutSpec */,
				D471E4352079ECA400745442 /* WeakLayoutElementToRectMap.swift */,
			);
			path = Layout;
			sourceTree = "<group>";
		};
/* End PBXGroup section */

/* Begin PBXHeadersBuildPhase section */
		D4FF14712077A671002AF70D /* Headers */ = {
			isa = PBXHeadersBuildPhase;
			buildActionMask = 2147483647;
			files = (
				D4FF14852077A671002AF70D /* SwiftDisplay.h in Headers */,
			);
			runOnlyForDeploymentPostprocessing = 0;
		};
/* End PBXHeadersBuildPhase section */

/* Begin PBXNativeTarget section */
		D4166E26218EED960053DA26 /* iOS-Demo */ = {
			isa = PBXNativeTarget;
			buildConfigurationList = D4166E38218EED980053DA26 /* Build configuration list for PBXNativeTarget "iOS-Demo" */;
			buildPhases = (
				D4166E23218EED960053DA26 /* Sources */,
				D4166E24218EED960053DA26 /* Frameworks */,
				D4166E25218EED960053DA26 /* Resources */,
			);
			buildRules = (
			);
			dependencies = (
			);
			name = "iOS-Demo";
			productName = "SwiftDisplay-iOS-Demo";
			productReference = D4166E27218EED960053DA26 /* iOS-Demo.app */;
			productType = "com.apple.product-type.application";
		};
		D4FF14732077A671002AF70D /* SwiftDisplay */ = {
			isa = PBXNativeTarget;
			buildConfigurationList = D4FF14882077A671002AF70D /* Build configuration list for PBXNativeTarget "SwiftDisplay" */;
			buildPhases = (
				D4FF146F2077A671002AF70D /* Sources */,
				D4FF14702077A671002AF70D /* Frameworks */,
				D4FF14712077A671002AF70D /* Headers */,
				D4FF14722077A671002AF70D /* Resources */,
			);
			buildRules = (
			);
			dependencies = (
			);
			name = SwiftDisplay;
			productName = SwiftDisplay;
			productReference = D4FF14742077A671002AF70D /* SwiftDisplay.framework */;
			productType = "com.apple.product-type.framework";
		};
		D4FF147C2077A671002AF70D /* SwiftDisplayTests */ = {
			isa = PBXNativeTarget;
			buildConfigurationList = D4FF148B2077A671002AF70D /* Build configuration list for PBXNativeTarget "SwiftDisplayTests" */;
			buildPhases = (
				D4FF14792077A671002AF70D /* Sources */,
				D4FF147A2077A671002AF70D /* Frameworks */,
				D4FF147B2077A671002AF70D /* Resources */,
			);
			buildRules = (
			);
			dependencies = (
				D4FF14802077A671002AF70D /* PBXTargetDependency */,
			);
			name = SwiftDisplayTests;
			productName = SwiftDisplayTests;
			productReference = D4FF147D2077A671002AF70D /* SwiftDisplayTests.xctest */;
			productType = "com.apple.product-type.bundle.unit-test";
		};
/* End PBXNativeTarget section */

/* Begin PBXProject section */
		D4FF146B2077A671002AF70D /* Project object */ = {
			isa = PBXProject;
			attributes = {
				LastSwiftUpdateCheck = 1010;
				LastUpgradeCheck = 0930;
				ORGANIZATIONNAME = "Zhu Shengqi";
				TargetAttributes = {
					D4166E26218EED960053DA26 = {
						CreatedOnToolsVersion = 10.1;
					};
					D4FF14732077A671002AF70D = {
						CreatedOnToolsVersion = 9.3;
						LastSwiftMigration = 1000;
					};
					D4FF147C2077A671002AF70D = {
						CreatedOnToolsVersion = 9.3;
						LastSwiftMigration = 1000;
					};
				};
			};
			buildConfigurationList = D4FF146E2077A671002AF70D /* Build configuration list for PBXProject "SwiftDisplay" */;
			compatibilityVersion = "Xcode 9.3";
			developmentRegion = en;
			hasScannedForEncodings = 0;
			knownRegions = (
				en,
				Base,
			);
			mainGroup = D4FF146A2077A671002AF70D;
			productRefGroup = D4FF14752077A671002AF70D /* Products */;
			projectDirPath = "";
			projectRoot = "";
			targets = (
				D4FF14732077A671002AF70D /* SwiftDisplay */,
				D4FF147C2077A671002AF70D /* SwiftDisplayTests */,
				D4166E26218EED960053DA26 /* iOS-Demo */,
			);
		};
/* End PBXProject section */

/* Begin PBXResourcesBuildPhase section */
		D4166E25218EED960053DA26 /* Resources */ = {
			isa = PBXResourcesBuildPhase;
			buildActionMask = 2147483647;
			files = (
				D4166E34218EED980053DA26 /* LaunchScreen.storyboard in Resources */,
				D4166E31218EED980053DA26 /* Assets.xcassets in Resources */,
			);
			runOnlyForDeploymentPostprocessing = 0;
		};
		D4FF14722077A671002AF70D /* Resources */ = {
			isa = PBXResourcesBuildPhase;
			buildActionMask = 2147483647;
			files = (
			);
			runOnlyForDeploymentPostprocessing = 0;
		};
		D4FF147B2077A671002AF70D /* Resources */ = {
			isa = PBXResourcesBuildPhase;
			buildActionMask = 2147483647;
			files = (
			);
			runOnlyForDeploymentPostprocessing = 0;
		};
/* End PBXResourcesBuildPhase section */

/* Begin PBXSourcesBuildPhase section */
		D4166E23218EED960053DA26 /* Sources */ = {
			isa = PBXSourcesBuildPhase;
			buildActionMask = 2147483647;
			files = (
				D4166E2C218EED960053DA26 /* MainViewController.swift in Sources */,
				D4166E2A218EED960053DA26 /* AppDelegate.swift in Sources */,
			);
			runOnlyForDeploymentPostprocessing = 0;
		};
		D4FF146F2077A671002AF70D /* Sources */ = {
			isa = PBXSourcesBuildPhase;
			buildActionMask = 2147483647;
			files = (
				D471E449207AF43800745442 /* TraitCollection.swift in Sources */,
				D41AAA3E218849D400B23325 /* _AsyncTransactionContainer.swift in Sources */,
				D4B4A9EB207A510600A18EE3 /* InternalHelpers.swift in Sources */,
				D4B4A9E42078DCF000A18EE3 /* LayoutElementAsciiArtProtocol.swift in Sources */,
				D4B4A9E8207A4A4600A18EE3 /* CoreGraphics+Util.swift in Sources */,
				D41AAA4021884E0700B23325 /* CALayer+_AsyncTransactionContainer.swift in Sources */,
				D41AAA3121874EDE00B23325 /* _AsyncTransaction.swift in Sources */,
				D4166E5F219700360053DA26 /* DisplayNodeFlags.swift in Sources */,
				D4E40FBC2080DAE800AC9F30 /* RelativeLayoutSpec.swift in Sources */,
				D4166E472196589D0053DA26 /* LayoutElementStylability.swift in Sources */,
				D4166E572196F9300053DA26 /* _DisplayNodeAccessible.swift in Sources */,
				D4166E4321933E650053DA26 /* DisplayNode.swift in Sources */,
				D471E4362079ECA400745442 /* WeakLayoutElementToRectMap.swift in Sources */,
				D41AAA4221884E1500B23325 /* UIView+_AsyncTransactionContainer.swift in Sources */,
				D471E44D207B051A00745442 /* StackLayoutDefines.swift in Sources */,
				D4E40FC02081997500AC9F30 /* InsetLayoutSpec.swift in Sources */,
				D41AAA332187563B00B23325 /* _AsyncTransactionOperation.swift in Sources */,
				D4E40FBE20816D3500AC9F30 /* CornerLayoutSpec.swift in Sources */,
				D4C1EFA9207BBD820005516A /* Lock.swift in Sources */,
				D4FF14C920785A32002AF70D /* LayoutSize.swift in Sources */,
				D4C1EFA6207BB0DC0005516A /* LayoutElementContext.swift in Sources */,
				D4C1EFA2207BA7910005516A /* LayoutElementStyle.swift in Sources */,
				D434B620219B1B2B00EF9027 /* InternalHelpers.swift in Sources */,
				D4B4A9E62079128100A18EE3 /* LayoutElement.swift in Sources */,
				D4166E512196872C0053DA26 /* CALayerExtendedDelegate.swift in Sources */,
				D4FF14CD20785A91002AF70D /* LayoutElementSize.swift in Sources */,
				D4E4105F2082098600AC9F30 /* StackLayoutSpec.swift in Sources */,
				D4FF14C52077BFDB002AF70D /* Dimension.swift in Sources */,
				D4B4A9E22078D50F00A18EE3 /* LayoutElementExtensibility.swift in Sources */,
				D4E4105D2081FC2B00AC9F30 /* RatioLayoutSpec.swift in Sources */,
				D4E40FB6207FB03800AC9F30 /* BackgroundLayoutSpec.swift in Sources */,
				D4FF14D12078AF74002AF70D /* AbsoluteLayoutSpec.swift in Sources */,
				D4166E45219346650053DA26 /* DisplayNode+Subtypes.swift in Sources */,
				D4166E4B21966C310053DA26 /* UIView+AsyncDisplay.swift in Sources */,
				D4FF14CF20787300002AF70D /* AbsoluteLayoutElement.swift in Sources */,
				D471E44B207B045500745442 /* StackLayoutElement.swift in Sources */,
				D4FF14C7207858D1002AF70D /* CGRect+Validation.swift in Sources */,
				D4C1EFAF207C334F0005516A /* WrapperLayoutSpec.swift in Sources */,
				D4166E4121933E580053DA26 /* InterfaceState.swift in Sources */,
				D41AAA3C2188498400B23325 /* _AsyncTransactionGroup.swift in Sources */,
				D4166E49219667070053DA26 /* ContextTransitioning.swift in Sources */,
				D4166E4F21967E160053DA26 /* _DisplayLayer.swift in Sources */,
				D4166E4D21966C3C0053DA26 /* CALayer+AsyncDisplay.swift in Sources */,
				D41AAA3821875B8300B23325 /* ThreadLocal.swift in Sources */,
				D4FF14CB20785A6E002AF70D /* SizeRange.swift in Sources */,
				D4166E3E2191E5C80053DA26 /* _AsyncTransactionQueuePool.swift in Sources */,
				D4166E5D2196FBC10053DA26 /* WeakProxy.swift in Sources */,
				D4FF14C32077B955002AF70D /* Layout.swift in Sources */,
				D4166E5B2196FA7E0053DA26 /* CALayer+_DisplayNodeAccessible.swift in Sources */,
				D4E410282081AE7D00AC9F30 /* OverlayLayoutSpec.swift in Sources */,
				D4C1EFAD207C2E6A0005516A /* LayoutSpec.swift in Sources */,
				D4166E592196FA6C0053DA26 /* UIView+_DisplayNodeAccessible.swift in Sources */,
				D4C1EFA4207BAF0A0005516A /* LayoutElementStyleExtensions.swift in Sources */,
				D471E4312079AB9D00745442 /* ObjectDescriptionHelpers.swift in Sources */,
				D4166E5521968E760053DA26 /* AtomicWeak.swift in Sources */,
				D4166E53219687510053DA26 /* _DisplayLayerDelegate.swift in Sources */,
				D41AAA3621875B3300B23325 /* Assert.swift in Sources */,
				D4C1EFAB207BBDFE0005516A /* Atomic.swift in Sources */,
			);
			runOnlyForDeploymentPostprocessing = 0;
		};
		D4FF14792077A671002AF70D /* Sources */ = {
			isa = PBXSourcesBuildPhase;
			buildActionMask = 2147483647;
			files = (
				D4FF14832077A671002AF70D /* SwiftDisplayTests.swift in Sources */,
			);
			runOnlyForDeploymentPostprocessing = 0;
		};
/* End PBXSourcesBuildPhase section */

/* Begin PBXTargetDependency section */
		D4FF14802077A671002AF70D /* PBXTargetDependency */ = {
			isa = PBXTargetDependency;
			target = D4FF14732077A671002AF70D /* SwiftDisplay */;
			targetProxy = D4FF147F2077A671002AF70D /* PBXContainerItemProxy */;
		};
/* End PBXTargetDependency section */

/* Begin PBXVariantGroup section */
		D4166E32218EED980053DA26 /* LaunchScreen.storyboard */ = {
			isa = PBXVariantGroup;
			children = (
				D4166E33218EED980053DA26 /* Base */,
			);
			name = LaunchScreen.storyboard;
			sourceTree = "<group>";
		};
/* End PBXVariantGroup section */

/* Begin XCBuildConfiguration section */
		D4166E36218EED980053DA26 /* Debug */ = {
			isa = XCBuildConfiguration;
			buildSettings = {
				ASSETCATALOG_COMPILER_APPICON_NAME = AppIcon;
				CODE_SIGN_STYLE = Automatic;
				DEVELOPMENT_TEAM = DHNJ8N28ZZ;
				INFOPLIST_FILE = "iOS-Demo/Info.plist";
				IPHONEOS_DEPLOYMENT_TARGET = 12.1;
				LD_RUNPATH_SEARCH_PATHS = (
					"$(inherited)",
					"@executable_path/Frameworks",
				);
				MTL_ENABLE_DEBUG_INFO = INCLUDE_SOURCE;
				MTL_FAST_MATH = YES;
				PRODUCT_BUNDLE_IDENTIFIER = "com.zetasq.SwiftDisplay-iOS-Demo";
				PRODUCT_NAME = "$(TARGET_NAME)";
				SDKROOT = iphoneos;
				SWIFT_VERSION = 4.2;
				TARGETED_DEVICE_FAMILY = "1,2";
			};
			name = Debug;
		};
		D4166E37218EED980053DA26 /* Release */ = {
			isa = XCBuildConfiguration;
			buildSettings = {
				ASSETCATALOG_COMPILER_APPICON_NAME = AppIcon;
				CODE_SIGN_STYLE = Automatic;
				DEVELOPMENT_TEAM = DHNJ8N28ZZ;
				INFOPLIST_FILE = "iOS-Demo/Info.plist";
				IPHONEOS_DEPLOYMENT_TARGET = 12.1;
				LD_RUNPATH_SEARCH_PATHS = (
					"$(inherited)",
					"@executable_path/Frameworks",
				);
				MTL_FAST_MATH = YES;
				PRODUCT_BUNDLE_IDENTIFIER = "com.zetasq.SwiftDisplay-iOS-Demo";
				PRODUCT_NAME = "$(TARGET_NAME)";
				SDKROOT = iphoneos;
				SWIFT_VERSION = 4.2;
				TARGETED_DEVICE_FAMILY = "1,2";
			};
			name = Release;
		};
		D4FF14862077A671002AF70D /* Debug */ = {
			isa = XCBuildConfiguration;
			baseConfigurationReference = D41AAA2E218749B300B23325 /* ProjectCommon.xcconfig */;
			buildSettings = {
				ALWAYS_SEARCH_USER_PATHS = NO;
				CLANG_ANALYZER_NONNULL = YES;
				CLANG_ANALYZER_NUMBER_OBJECT_CONVERSION = YES_AGGRESSIVE;
				CLANG_CXX_LANGUAGE_STANDARD = "gnu++14";
				CLANG_CXX_LIBRARY = "libc++";
				CLANG_ENABLE_MODULES = YES;
				CLANG_ENABLE_OBJC_ARC = YES;
				CLANG_ENABLE_OBJC_WEAK = YES;
				CLANG_WARN_BLOCK_CAPTURE_AUTORELEASING = YES;
				CLANG_WARN_BOOL_CONVERSION = YES;
				CLANG_WARN_COMMA = YES;
				CLANG_WARN_CONSTANT_CONVERSION = YES;
				CLANG_WARN_DEPRECATED_OBJC_IMPLEMENTATIONS = YES;
				CLANG_WARN_DIRECT_OBJC_ISA_USAGE = YES_ERROR;
				CLANG_WARN_DOCUMENTATION_COMMENTS = YES;
				CLANG_WARN_EMPTY_BODY = YES;
				CLANG_WARN_ENUM_CONVERSION = YES;
				CLANG_WARN_INFINITE_RECURSION = YES;
				CLANG_WARN_INT_CONVERSION = YES;
				CLANG_WARN_NON_LITERAL_NULL_CONVERSION = YES;
				CLANG_WARN_OBJC_IMPLICIT_RETAIN_SELF = YES;
				CLANG_WARN_OBJC_LITERAL_CONVERSION = YES;
				CLANG_WARN_OBJC_ROOT_CLASS = YES_ERROR;
				CLANG_WARN_RANGE_LOOP_ANALYSIS = YES;
				CLANG_WARN_STRICT_PROTOTYPES = YES;
				CLANG_WARN_SUSPICIOUS_MOVE = YES;
				CLANG_WARN_UNGUARDED_AVAILABILITY = YES_AGGRESSIVE;
				CLANG_WARN_UNREACHABLE_CODE = YES;
				CLANG_WARN__DUPLICATE_METHOD_MATCH = YES;
				CODE_SIGN_IDENTITY = "iPhone Developer";
				COPY_PHASE_STRIP = NO;
				CURRENT_PROJECT_VERSION = 1;
				DEBUG_INFORMATION_FORMAT = dwarf;
				ENABLE_STRICT_OBJC_MSGSEND = YES;
				ENABLE_TESTABILITY = YES;
				GCC_C_LANGUAGE_STANDARD = gnu11;
				GCC_DYNAMIC_NO_PIC = NO;
				GCC_NO_COMMON_BLOCKS = YES;
				GCC_OPTIMIZATION_LEVEL = 0;
				GCC_PREPROCESSOR_DEFINITIONS = (
					"DEBUG=1",
					"$(inherited)",
				);
				GCC_WARN_64_TO_32_BIT_CONVERSION = YES;
				GCC_WARN_ABOUT_RETURN_TYPE = YES_ERROR;
				GCC_WARN_UNDECLARED_SELECTOR = YES;
				GCC_WARN_UNINITIALIZED_AUTOS = YES_AGGRESSIVE;
				GCC_WARN_UNUSED_FUNCTION = YES;
				GCC_WARN_UNUSED_VARIABLE = YES;
				MTL_ENABLE_DEBUG_INFO = YES;
				ONLY_ACTIVE_ARCH = YES;
				SWIFT_ACTIVE_COMPILATION_CONDITIONS = DEBUG;
				SWIFT_OPTIMIZATION_LEVEL = "-Onone";
				VERSIONING_SYSTEM = "apple-generic";
				VERSION_INFO_PREFIX = "";
			};
			name = Debug;
		};
		D4FF14872077A671002AF70D /* Release */ = {
			isa = XCBuildConfiguration;
			baseConfigurationReference = D41AAA2E218749B300B23325 /* ProjectCommon.xcconfig */;
			buildSettings = {
				ALWAYS_SEARCH_USER_PATHS = NO;
				CLANG_ANALYZER_NONNULL = YES;
				CLANG_ANALYZER_NUMBER_OBJECT_CONVERSION = YES_AGGRESSIVE;
				CLANG_CXX_LANGUAGE_STANDARD = "gnu++14";
				CLANG_CXX_LIBRARY = "libc++";
				CLANG_ENABLE_MODULES = YES;
				CLANG_ENABLE_OBJC_ARC = YES;
				CLANG_ENABLE_OBJC_WEAK = YES;
				CLANG_WARN_BLOCK_CAPTURE_AUTORELEASING = YES;
				CLANG_WARN_BOOL_CONVERSION = YES;
				CLANG_WARN_COMMA = YES;
				CLANG_WARN_CONSTANT_CONVERSION = YES;
				CLANG_WARN_DEPRECATED_OBJC_IMPLEMENTATIONS = YES;
				CLANG_WARN_DIRECT_OBJC_ISA_USAGE = YES_ERROR;
				CLANG_WARN_DOCUMENTATION_COMMENTS = YES;
				CLANG_WARN_EMPTY_BODY = YES;
				CLANG_WARN_ENUM_CONVERSION = YES;
				CLANG_WARN_INFINITE_RECURSION = YES;
				CLANG_WARN_INT_CONVERSION = YES;
				CLANG_WARN_NON_LITERAL_NULL_CONVERSION = YES;
				CLANG_WARN_OBJC_IMPLICIT_RETAIN_SELF = YES;
				CLANG_WARN_OBJC_LITERAL_CONVERSION = YES;
				CLANG_WARN_OBJC_ROOT_CLASS = YES_ERROR;
				CLANG_WARN_RANGE_LOOP_ANALYSIS = YES;
				CLANG_WARN_STRICT_PROTOTYPES = YES;
				CLANG_WARN_SUSPICIOUS_MOVE = YES;
				CLANG_WARN_UNGUARDED_AVAILABILITY = YES_AGGRESSIVE;
				CLANG_WARN_UNREACHABLE_CODE = YES;
				CLANG_WARN__DUPLICATE_METHOD_MATCH = YES;
				CODE_SIGN_IDENTITY = "iPhone Developer";
				COPY_PHASE_STRIP = NO;
				CURRENT_PROJECT_VERSION = 1;
				DEBUG_INFORMATION_FORMAT = "dwarf-with-dsym";
				ENABLE_NS_ASSERTIONS = NO;
				ENABLE_STRICT_OBJC_MSGSEND = YES;
				GCC_C_LANGUAGE_STANDARD = gnu11;
				GCC_NO_COMMON_BLOCKS = YES;
				GCC_WARN_64_TO_32_BIT_CONVERSION = YES;
				GCC_WARN_ABOUT_RETURN_TYPE = YES_ERROR;
				GCC_WARN_UNDECLARED_SELECTOR = YES;
				GCC_WARN_UNINITIALIZED_AUTOS = YES_AGGRESSIVE;
				GCC_WARN_UNUSED_FUNCTION = YES;
				GCC_WARN_UNUSED_VARIABLE = YES;
				MTL_ENABLE_DEBUG_INFO = NO;
				SWIFT_COMPILATION_MODE = wholemodule;
				SWIFT_OPTIMIZATION_LEVEL = "-O";
				VALIDATE_PRODUCT = YES;
				VERSIONING_SYSTEM = "apple-generic";
				VERSION_INFO_PREFIX = "";
			};
			name = Release;
		};
		D4FF14892077A671002AF70D /* Debug */ = {
			isa = XCBuildConfiguration;
			baseConfigurationReference = D41AAA2D218749B300B23325 /* Framework.xcconfig */;
			buildSettings = {
				CLANG_ENABLE_MODULES = YES;
				CODE_SIGN_STYLE = Automatic;
				DEFINES_MODULE = YES;
				DYLIB_COMPATIBILITY_VERSION = 1;
				DYLIB_CURRENT_VERSION = 1;
				DYLIB_INSTALL_NAME_BASE = "@rpath";
				FRAMEWORK_SEARCH_PATHS = (
					"$(inherited)",
					"$(PROJECT_DIR)/Carthage/Build/iOS",
				);
				INSTALL_PATH = "$(LOCAL_LIBRARY_DIR)/Frameworks";
				PRODUCT_BUNDLE_IDENTIFIER = com.zetasq.SwiftDisplay;
				PRODUCT_NAME = "$(TARGET_NAME:c99extidentifier)";
				SKIP_INSTALL = YES;
				SWIFT_OPTIMIZATION_LEVEL = "-Onone";
				SWIFT_VERSION = 4.2;
				TARGETED_DEVICE_FAMILY = "1,2";
			};
			name = Debug;
		};
		D4FF148A2077A671002AF70D /* Release */ = {
			isa = XCBuildConfiguration;
			baseConfigurationReference = D41AAA2D218749B300B23325 /* Framework.xcconfig */;
			buildSettings = {
				CLANG_ENABLE_MODULES = YES;
				CODE_SIGN_STYLE = Automatic;
				DEFINES_MODULE = YES;
				DYLIB_COMPATIBILITY_VERSION = 1;
				DYLIB_CURRENT_VERSION = 1;
				DYLIB_INSTALL_NAME_BASE = "@rpath";
				FRAMEWORK_SEARCH_PATHS = (
					"$(inherited)",
					"$(PROJECT_DIR)/Carthage/Build/iOS",
				);
				INSTALL_PATH = "$(LOCAL_LIBRARY_DIR)/Frameworks";
				PRODUCT_BUNDLE_IDENTIFIER = com.zetasq.SwiftDisplay;
				PRODUCT_NAME = "$(TARGET_NAME:c99extidentifier)";
				SKIP_INSTALL = YES;
				SWIFT_VERSION = 4.2;
				TARGETED_DEVICE_FAMILY = "1,2";
			};
			name = Release;
		};
		D4FF148C2077A671002AF70D /* Debug */ = {
			isa = XCBuildConfiguration;
			baseConfigurationReference = D41AAA2C218749B300B23325 /* Test.xcconfig */;
			buildSettings = {
				ALWAYS_EMBED_SWIFT_STANDARD_LIBRARIES = YES;
				CODE_SIGN_STYLE = Automatic;
				PRODUCT_BUNDLE_IDENTIFIER = com.zetasq.SwiftDisplayTests;
				PRODUCT_NAME = "$(TARGET_NAME)";
				SWIFT_VERSION = 4.2;
				TARGETED_DEVICE_FAMILY = "1,2";
			};
			name = Debug;
		};
		D4FF148D2077A671002AF70D /* Release */ = {
			isa = XCBuildConfiguration;
			baseConfigurationReference = D41AAA2C218749B300B23325 /* Test.xcconfig */;
			buildSettings = {
				ALWAYS_EMBED_SWIFT_STANDARD_LIBRARIES = YES;
				CODE_SIGN_STYLE = Automatic;
				PRODUCT_BUNDLE_IDENTIFIER = com.zetasq.SwiftDisplayTests;
				PRODUCT_NAME = "$(TARGET_NAME)";
				SWIFT_VERSION = 4.2;
				TARGETED_DEVICE_FAMILY = "1,2";
			};
			name = Release;
		};
/* End XCBuildConfiguration section */

/* Begin XCConfigurationList section */
		D4166E38218EED980053DA26 /* Build configuration list for PBXNativeTarget "iOS-Demo" */ = {
			isa = XCConfigurationList;
			buildConfigurations = (
				D4166E36218EED980053DA26 /* Debug */,
				D4166E37218EED980053DA26 /* Release */,
			);
			defaultConfigurationIsVisible = 0;
			defaultConfigurationName = Release;
		};
		D4FF146E2077A671002AF70D /* Build configuration list for PBXProject "SwiftDisplay" */ = {
			isa = XCConfigurationList;
			buildConfigurations = (
				D4FF14862077A671002AF70D /* Debug */,
				D4FF14872077A671002AF70D /* Release */,
			);
			defaultConfigurationIsVisible = 0;
			defaultConfigurationName = Release;
		};
		D4FF14882077A671002AF70D /* Build configuration list for PBXNativeTarget "SwiftDisplay" */ = {
			isa = XCConfigurationList;
			buildConfigurations = (
				D4FF14892077A671002AF70D /* Debug */,
				D4FF148A2077A671002AF70D /* Release */,
			);
			defaultConfigurationIsVisible = 0;
			defaultConfigurationName = Release;
		};
		D4FF148B2077A671002AF70D /* Build configuration list for PBXNativeTarget "SwiftDisplayTests" */ = {
			isa = XCConfigurationList;
			buildConfigurations = (
				D4FF148C2077A671002AF70D /* Debug */,
				D4FF148D2077A671002AF70D /* Release */,
			);
			defaultConfigurationIsVisible = 0;
			defaultConfigurationName = Release;
		};
/* End XCConfigurationList section */
	};
	rootObject = D4FF146B2077A671002AF70D /* Project object */;
}
